
Microsoft Visual Studio Solution File, Format Version 12.00
# Visual Studio 15
VisualStudioVersion = 15.0.28307.168
MinimumVisualStudioVersion = 10.0.40219.1
Project("{8BC9CEB8-8B4A-11D0-8D11-00A0C91BC942}") = "sdk", "sdk\sdk.vcxproj", "{15BB3E14-00C4-468A-A9F6-819D474FDA44}"
EndProject
Project("{8BC9CEB8-8B4A-11D0-8D11-00A0C91BC942}") = "tester", "tester\tester.vcxproj", "{588AA833-62B1-4C54-9AE2-2CCC41A6A0B4}"
EndProject
Global
	GlobalSection(SolutionConfigurationPlatforms) = preSolution
		Debug|x64 = Debug|x64
		Debug|x86 = Debug|x86
		Release|x64 = Release|x64
		Release|x86 = Release|x86
	EndGlobalSection
	GlobalSection(ProjectConfigurationPlatforms) = postSolution
		{15BB3E14-00C4-468A-A9F6-819D474FDA44}.Debug|x64.ActiveCfg = Debug|x64
		{15BB3E14-00C4-468A-A9F6-819D474FDA44}.Debug|x64.Build.0 = Debug|x64
		{15BB3E14-00C4-468A-A9F6-819D474FDA44}.Debug|x86.ActiveCfg = Debug|Win32
		{15BB3E14-00C4-468A-A9F6-819D474FDA44}.Debug|x86.Build.0 = Debug|Win32
		{15BB3E14-00C4-468A-A9F6-819D474FDA44}.Release|x64.ActiveCfg = Release|x64
		{15BB3E14-00C4-468A-A9F6-819D474FDA44}.Release|x64.Build.0 = Release|x64
		{15BB3E14-00C4-468A-A9F6-819D474FDA44}.Release|x86.ActiveCfg = Release|Win32
		{15BB3E14-00C4-468A-A9F6-819D474FDA44}.Release|x86.Build.0 = Release|Win32
		{588AA833-62B1-4C54-9AE2-2CCC41A6A0B4}.Debug|x64.ActiveCfg = Debug|x64
		{588AA833-62B1-4C54-9AE2-2CCC41A6A0B4}.Debug|x64.Build.0 = Debug|x64
		{588AA833-62B1-4C54-9AE2-2CCC41A6A0B4}.Debug|x86.ActiveCfg = Debug|Win32
		{588AA833-62B1-4C54-9AE2-2CCC41A6A0B4}.Debug|x86.Build.0 = Debug|Win32
		{588AA833-62B1-4C54-9AE2-2CCC41A6A0B4}.Release|x64.ActiveCfg = Release|x64
		{588AA833-62B1-4C54-9AE2-2CCC41A6A0B4}.Release|x64.Build.0 = Release|x64
		{588AA833-62B1-4C54-9AE2-2CCC41A6A0B4}.Release|x86.ActiveCfg = Release|Win32
		{588AA833-62B1-4C54-9AE2-2CCC41A6A0B4}.Release|x86.Build.0 = Release|Win32
	EndGlobalSection
	GlobalSection(SolutionProperties) = preSolution
		HideSolutionNode = FALSE
	EndGlobalSection
	GlobalSection(ExtensibilityGlobals) = postSolution
		SolutionGuid = {EC53E8DF-6ED9-48A3-8A7F-6003068C9AD3}
	EndGlobalSection
EndGlobal
